
Microsoft Visual Studio Solution File, Format Version 12.00
# Visual Studio Version 17
VisualStudioVersion = 17.4.33103.184
MinimumVisualStudioVersion = 10.0.40219.1
Project("{2150E333-8FDC-42A3-9474-1A3956D46DE8}") = "Services", "Services", "{627FD28A-1195-4873-B9AA-DF77533DE222}"
EndProject
Project("{2150E333-8FDC-42A3-9474-1A3956D46DE8}") = "Catalog", "Catalog", "{E8520902-9807-444A-9A1D-789F6F28E911}"
EndProject
Project("{9A19103F-16F7-4668-BE54-9A1E7A4F7556}") = "Catalog.Api", "src\Services\Catalog\Catalog.Api\Catalog.Api.csproj", "{31E10DAD-67BE-4A4F-9084-C48FA0DDC50E}"
EndProject
Project("{2150E333-8FDC-42A3-9474-1A3956D46DE8}") = "Basket", "Basket", "{2E1F8F40-71D3-4007-BC6A-A70215F63844}"
EndProject
Project("{FAE04EC0-301F-11D3-BF4B-00C04F79EFBC}") = "Basket.Api", "src\Services\Basket\Basket.Api\Basket.Api.csproj", "{EE94D497-C1B3-4455-BD12-440234FA4A7B}"
EndProject
Project("{E53339B2-1760-4266-BCC7-CA923CBCF16C}") = "docker-compose", "docker-compose.dcproj", "{1279C023-75F8-446F-BFA1-324CFEBA50D3}"
EndProject
Global
	GlobalSection(SolutionConfigurationPlatforms) = preSolution
		Debug|Any CPU = Debug|Any CPU
		Release|Any CPU = Release|Any CPU
	EndGlobalSection
	GlobalSection(ProjectConfigurationPlatforms) = postSolution
		{31E10DAD-67BE-4A4F-9084-C48FA0DDC50E}.Debug|Any CPU.ActiveCfg = Debug|Any CPU
		{31E10DAD-67BE-4A4F-9084-C48FA0DDC50E}.Debug|Any CPU.Build.0 = Debug|Any CPU
		{31E10DAD-67BE-4A4F-9084-C48FA0DDC50E}.Release|Any CPU.ActiveCfg = Release|Any CPU
		{31E10DAD-67BE-4A4F-9084-C48FA0DDC50E}.Release|Any CPU.Build.0 = Release|Any CPU
		{EE94D497-C1B3-4455-BD12-440234FA4A7B}.Debug|Any CPU.ActiveCfg = Debug|Any CPU
		{EE94D497-C1B3-4455-BD12-440234FA4A7B}.Debug|Any CPU.Build.0 = Debug|Any CPU
		{EE94D497-C1B3-4455-BD12-440234FA4A7B}.Release|Any CPU.ActiveCfg = Release|Any CPU
		{EE94D497-C1B3-4455-BD12-440234FA4A7B}.Release|Any CPU.Build.0 = Release|Any CPU
		{1279C023-75F8-446F-BFA1-324CFEBA50D3}.Debug|Any CPU.ActiveCfg = Debug|Any CPU
		{1279C023-75F8-446F-BFA1-324CFEBA50D3}.Debug|Any CPU.Build.0 = Debug|Any CPU
		{1279C023-75F8-446F-BFA1-324CFEBA50D3}.Release|Any CPU.ActiveCfg = Release|Any CPU
		{1279C023-75F8-446F-BFA1-324CFEBA50D3}.Release|Any CPU.Build.0 = Release|Any CPU
	EndGlobalSection
	GlobalSection(SolutionProperties) = preSolution
		HideSolutionNode = FALSE
	EndGlobalSection
	GlobalSection(NestedProjects) = preSolution
		{E8520902-9807-444A-9A1D-789F6F28E911} = {627FD28A-1195-4873-B9AA-DF77533DE222}
		{31E10DAD-67BE-4A4F-9084-C48FA0DDC50E} = {E8520902-9807-444A-9A1D-789F6F28E911}
		{2E1F8F40-71D3-4007-BC6A-A70215F63844} = {627FD28A-1195-4873-B9AA-DF77533DE222}
		{EE94D497-C1B3-4455-BD12-440234FA4A7B} = {2E1F8F40-71D3-4007-BC6A-A70215F63844}
	EndGlobalSection
	GlobalSection(ExtensibilityGlobals) = postSolution
		SolutionGuid = {2953A6FE-3EF7-4B57-A4EF-30D58097027A}
	EndGlobalSection
EndGlobal
