
Microsoft Visual Studio Solution File, Format Version 12.00
# Visual Studio Version 17
VisualStudioVersion = 17.4.33103.184
MinimumVisualStudioVersion = 10.0.40219.1
Project("{2150E333-8FDC-42A3-9474-1A3956D46DE8}") = "Services", "Services", "{627FD28A-1195-4873-B9AA-DF77533DE222}"
EndProject
Project("{2150E333-8FDC-42A3-9474-1A3956D46DE8}") = "Catalog", "Catalog", "{E8520902-9807-444A-9A1D-789F6F28E911}"
EndProject
Project("{9A19103F-16F7-4668-BE54-9A1E7A4F7556}") = "Catalog.Api", "src\Services\Catalog\Catalog.Api\Catalog.Api.csproj", "{31E10DAD-67BE-4A4F-9084-C48FA0DDC50E}"
EndProject
Project("{2150E333-8FDC-42A3-9474-1A3956D46DE8}") = "Basket", "Basket", "{2E1F8F40-71D3-4007-BC6A-A70215F63844}"
EndProject
Project("{9A19103F-16F7-4668-BE54-9A1E7A4F7556}") = "Basket.Api", "src\Services\Basket\Basket.Api\Basket.Api.csproj", "{EE94D497-C1B3-4455-BD12-440234FA4A7B}"
EndProject
Project("{E53339B2-1760-4266-BCC7-CA923CBCF16C}") = "docker-compose", "docker-compose.dcproj", "{1279C023-75F8-446F-BFA1-324CFEBA50D3}"
EndProject
Project("{2150E333-8FDC-42A3-9474-1A3956D46DE8}") = "Discount", "Discount", "{E33BDA54-79CF-430A-B3C6-BC28DF049121}"
EndProject
Project("{9A19103F-16F7-4668-BE54-9A1E7A4F7556}") = "Rebate.Api", "src\Services\Discount\Rebate.Api\Rebate.Api.csproj", "{2567F7B4-E09B-488F-8692-A956F9BF0F4E}"
EndProject
Project("{9A19103F-16F7-4668-BE54-9A1E7A4F7556}") = "Rebate.GRPC", "src\Services\Discount\Rebate.GRPC\Rebate.GRPC.csproj", "{0E5F38E0-0E8B-4D3B-B260-846D34E3EA1A}"
EndProject
Project("{2150E333-8FDC-42A3-9474-1A3956D46DE8}") = "Ordering", "Ordering", "{65FEC401-4D00-46A6-AAF3-EB1CD2559C15}"
EndProject
Project("{9A19103F-16F7-4668-BE54-9A1E7A4F7556}") = "Ordering.Api", "src\Services\Ordering\Ordering.Api\Ordering.Api.csproj", "{2FC5D675-922C-4CF3-BA3D-E24EB811A940}"
EndProject
Project("{FAE04EC0-301F-11D3-BF4B-00C04F79EFBC}") = "Ordering.Domain", "src\Services\Ordering\Ordering.Domain\Ordering.Domain.csproj", "{54CE1801-2E8A-46BB-A07E-4D5766E17101}"
EndProject
Project("{FAE04EC0-301F-11D3-BF4B-00C04F79EFBC}") = "Ordering.Application", "src\Services\Ordering\Ordering.Application\Ordering.Application.csproj", "{1BC2E6E4-FBDF-4E59-A68A-8236CCED9A5C}"
EndProject
Project("{FAE04EC0-301F-11D3-BF4B-00C04F79EFBC}") = "Ordering.Infrastructure", "src\Services\Ordering\Ordering.Infrastructure\Ordering.Infrastructure.csproj", "{863C4BAE-F105-4D4E-8433-30CD9F91367A}"
EndProject
Global
	GlobalSection(SolutionConfigurationPlatforms) = preSolution
		Debug|Any CPU = Debug|Any CPU
		Release|Any CPU = Release|Any CPU
	EndGlobalSection
	GlobalSection(ProjectConfigurationPlatforms) = postSolution
		{31E10DAD-67BE-4A4F-9084-C48FA0DDC50E}.Debug|Any CPU.ActiveCfg = Debug|Any CPU
		{31E10DAD-67BE-4A4F-9084-C48FA0DDC50E}.Debug|Any CPU.Build.0 = Debug|Any CPU
		{31E10DAD-67BE-4A4F-9084-C48FA0DDC50E}.Release|Any CPU.ActiveCfg = Release|Any CPU
		{31E10DAD-67BE-4A4F-9084-C48FA0DDC50E}.Release|Any CPU.Build.0 = Release|Any CPU
		{EE94D497-C1B3-4455-BD12-440234FA4A7B}.Debug|Any CPU.ActiveCfg = Debug|Any CPU
		{EE94D497-C1B3-4455-BD12-440234FA4A7B}.Debug|Any CPU.Build.0 = Debug|Any CPU
		{EE94D497-C1B3-4455-BD12-440234FA4A7B}.Release|Any CPU.ActiveCfg = Release|Any CPU
		{EE94D497-C1B3-4455-BD12-440234FA4A7B}.Release|Any CPU.Build.0 = Release|Any CPU
		{1279C023-75F8-446F-BFA1-324CFEBA50D3}.Debug|Any CPU.ActiveCfg = Debug|Any CPU
		{1279C023-75F8-446F-BFA1-324CFEBA50D3}.Debug|Any CPU.Build.0 = Debug|Any CPU
		{1279C023-75F8-446F-BFA1-324CFEBA50D3}.Release|Any CPU.ActiveCfg = Release|Any CPU
		{1279C023-75F8-446F-BFA1-324CFEBA50D3}.Release|Any CPU.Build.0 = Release|Any CPU
		{2567F7B4-E09B-488F-8692-A956F9BF0F4E}.Debug|Any CPU.ActiveCfg = Debug|Any CPU
		{2567F7B4-E09B-488F-8692-A956F9BF0F4E}.Debug|Any CPU.Build.0 = Debug|Any CPU
		{2567F7B4-E09B-488F-8692-A956F9BF0F4E}.Release|Any CPU.ActiveCfg = Release|Any CPU
		{2567F7B4-E09B-488F-8692-A956F9BF0F4E}.Release|Any CPU.Build.0 = Release|Any CPU
		{0E5F38E0-0E8B-4D3B-B260-846D34E3EA1A}.Debug|Any CPU.ActiveCfg = Debug|Any CPU
		{0E5F38E0-0E8B-4D3B-B260-846D34E3EA1A}.Debug|Any CPU.Build.0 = Debug|Any CPU
		{0E5F38E0-0E8B-4D3B-B260-846D34E3EA1A}.Release|Any CPU.ActiveCfg = Release|Any CPU
		{0E5F38E0-0E8B-4D3B-B260-846D34E3EA1A}.Release|Any CPU.Build.0 = Release|Any CPU
		{2FC5D675-922C-4CF3-BA3D-E24EB811A940}.Debug|Any CPU.ActiveCfg = Debug|Any CPU
		{2FC5D675-922C-4CF3-BA3D-E24EB811A940}.Debug|Any CPU.Build.0 = Debug|Any CPU
		{2FC5D675-922C-4CF3-BA3D-E24EB811A940}.Release|Any CPU.ActiveCfg = Release|Any CPU
		{2FC5D675-922C-4CF3-BA3D-E24EB811A940}.Release|Any CPU.Build.0 = Release|Any CPU
		{54CE1801-2E8A-46BB-A07E-4D5766E17101}.Debug|Any CPU.ActiveCfg = Debug|Any CPU
		{54CE1801-2E8A-46BB-A07E-4D5766E17101}.Debug|Any CPU.Build.0 = Debug|Any CPU
		{54CE1801-2E8A-46BB-A07E-4D5766E17101}.Release|Any CPU.ActiveCfg = Release|Any CPU
		{54CE1801-2E8A-46BB-A07E-4D5766E17101}.Release|Any CPU.Build.0 = Release|Any CPU
		{1BC2E6E4-FBDF-4E59-A68A-8236CCED9A5C}.Debug|Any CPU.ActiveCfg = Debug|Any CPU
		{1BC2E6E4-FBDF-4E59-A68A-8236CCED9A5C}.Debug|Any CPU.Build.0 = Debug|Any CPU
		{1BC2E6E4-FBDF-4E59-A68A-8236CCED9A5C}.Release|Any CPU.ActiveCfg = Release|Any CPU
		{1BC2E6E4-FBDF-4E59-A68A-8236CCED9A5C}.Release|Any CPU.Build.0 = Release|Any CPU
		{863C4BAE-F105-4D4E-8433-30CD9F91367A}.Debug|Any CPU.ActiveCfg = Debug|Any CPU
		{863C4BAE-F105-4D4E-8433-30CD9F91367A}.Debug|Any CPU.Build.0 = Debug|Any CPU
		{863C4BAE-F105-4D4E-8433-30CD9F91367A}.Release|Any CPU.ActiveCfg = Release|Any CPU
		{863C4BAE-F105-4D4E-8433-30CD9F91367A}.Release|Any CPU.Build.0 = Release|Any CPU
	EndGlobalSection
	GlobalSection(SolutionProperties) = preSolution
		HideSolutionNode = FALSE
	EndGlobalSection
	GlobalSection(NestedProjects) = preSolution
		{E8520902-9807-444A-9A1D-789F6F28E911} = {627FD28A-1195-4873-B9AA-DF77533DE222}
		{31E10DAD-67BE-4A4F-9084-C48FA0DDC50E} = {E8520902-9807-444A-9A1D-789F6F28E911}
		{2E1F8F40-71D3-4007-BC6A-A70215F63844} = {627FD28A-1195-4873-B9AA-DF77533DE222}
		{EE94D497-C1B3-4455-BD12-440234FA4A7B} = {2E1F8F40-71D3-4007-BC6A-A70215F63844}
		{E33BDA54-79CF-430A-B3C6-BC28DF049121} = {627FD28A-1195-4873-B9AA-DF77533DE222}
		{2567F7B4-E09B-488F-8692-A956F9BF0F4E} = {E33BDA54-79CF-430A-B3C6-BC28DF049121}
		{0E5F38E0-0E8B-4D3B-B260-846D34E3EA1A} = {E33BDA54-79CF-430A-B3C6-BC28DF049121}
		{65FEC401-4D00-46A6-AAF3-EB1CD2559C15} = {627FD28A-1195-4873-B9AA-DF77533DE222}
		{2FC5D675-922C-4CF3-BA3D-E24EB811A940} = {65FEC401-4D00-46A6-AAF3-EB1CD2559C15}
		{54CE1801-2E8A-46BB-A07E-4D5766E17101} = {65FEC401-4D00-46A6-AAF3-EB1CD2559C15}
		{1BC2E6E4-FBDF-4E59-A68A-8236CCED9A5C} = {65FEC401-4D00-46A6-AAF3-EB1CD2559C15}
		{863C4BAE-F105-4D4E-8433-30CD9F91367A} = {65FEC401-4D00-46A6-AAF3-EB1CD2559C15}
	EndGlobalSection
	GlobalSection(ExtensibilityGlobals) = postSolution
		SolutionGuid = {2953A6FE-3EF7-4B57-A4EF-30D58097027A}
	EndGlobalSection
EndGlobal
