
Microsoft Visual Studio Solution File, Format Version 12.00
# Visual Studio Version 17
VisualStudioVersion = 17.4.33110.190
MinimumVisualStudioVersion = 10.0.40219.1
Project("{9A19103F-16F7-4668-BE54-9A1E7A4F7556}") = "Catalog.Api", "Catalog.Api.csproj", "{5DC4E181-5EEF-4AAC-A281-5BABDE84FABA}"
EndProject
Global
	GlobalSection(SolutionConfigurationPlatforms) = preSolution
		Debug|Any CPU = Debug|Any CPU
		Release|Any CPU = Release|Any CPU
	EndGlobalSection
	GlobalSection(ProjectConfigurationPlatforms) = postSolution
		{5DC4E181-5EEF-4AAC-A281-5BABDE84FABA}.Debug|Any CPU.ActiveCfg = Debug|Any CPU
		{5DC4E181-5EEF-4AAC-A281-5BABDE84FABA}.Debug|Any CPU.Build.0 = Debug|Any CPU
		{5DC4E181-5EEF-4AAC-A281-5BABDE84FABA}.Release|Any CPU.ActiveCfg = Release|Any CPU
		{5DC4E181-5EEF-4AAC-A281-5BABDE84FABA}.Release|Any CPU.Build.0 = Release|Any CPU
	EndGlobalSection
	GlobalSection(SolutionProperties) = preSolution
		HideSolutionNode = FALSE
	EndGlobalSection
	GlobalSection(ExtensibilityGlobals) = postSolution
		SolutionGuid = {169294F6-88E7-4B2D-BC9D-7A66C8EDE375}
	EndGlobalSection
EndGlobal
